
Microsoft Visual Studio Solution File, Format Version 12.00
# Visual Studio 15
VisualStudioVersion = 15.0.28307.489
MinimumVisualStudioVersion = 10.0.40219.1
Project("{FAE04EC0-301F-11D3-BF4B-00C04F79EFBC}") = "dotnet-authorization", "dotnet-authorization\dotnet-authorization.csproj", "{BB744A9E-4A9E-41E5-BCBD-8EF465798F63}"
EndProject
Global
	GlobalSection(SolutionConfigurationPlatforms) = preSolution
		Debug|Any CPU = Debug|Any CPU
		Release|Any CPU = Release|Any CPU
	EndGlobalSection
	GlobalSection(ProjectConfigurationPlatforms) = postSolution
		{BB744A9E-4A9E-41E5-BCBD-8EF465798F63}.Debug|Any CPU.ActiveCfg = Debug|Any CPU
		{BB744A9E-4A9E-41E5-BCBD-8EF465798F63}.Debug|Any CPU.Build.0 = Debug|Any CPU
		{BB744A9E-4A9E-41E5-BCBD-8EF465798F63}.Release|Any CPU.ActiveCfg = Release|Any CPU
		{BB744A9E-4A9E-41E5-BCBD-8EF465798F63}.Release|Any CPU.Build.0 = Release|Any CPU
	EndGlobalSection
	GlobalSection(SolutionProperties) = preSolution
		HideSolutionNode = FALSE
	EndGlobalSection
	GlobalSection(ExtensibilityGlobals) = postSolution
		SolutionGuid = {1006C2D8-F5E1-4877-A63E-09FFCD9CA2AC}
	EndGlobalSection
EndGlobal
